
Microsoft Visual Studio Solution File, Format Version 12.00
# Visual Studio Version 16
VisualStudioVersion = 16.0.29709.97
MinimumVisualStudioVersion = 10.0.40219.1
Project("{00D1A9C2-B5F0-4AF3-8072-F6C62B433612}") = "OluSqlServer", "OluSqlServer\OluSqlServer.sqlproj", "{FD5F4B1A-07B5-468D-8D0C-4DB61BA9F172}"
EndProject
Global
	GlobalSection(SolutionConfigurationPlatforms) = preSolution
		Debug|Any CPU = Debug|Any CPU
		Release|Any CPU = Release|Any CPU
	EndGlobalSection
	GlobalSection(ProjectConfigurationPlatforms) = postSolution
		{FD5F4B1A-07B5-468D-8D0C-4DB61BA9F172}.Debug|Any CPU.ActiveCfg = Debug|Any CPU
		{FD5F4B1A-07B5-468D-8D0C-4DB61BA9F172}.Debug|Any CPU.Build.0 = Debug|Any CPU
		{FD5F4B1A-07B5-468D-8D0C-4DB61BA9F172}.Debug|Any CPU.Deploy.0 = Debug|Any CPU
		{FD5F4B1A-07B5-468D-8D0C-4DB61BA9F172}.Release|Any CPU.ActiveCfg = Release|Any CPU
		{FD5F4B1A-07B5-468D-8D0C-4DB61BA9F172}.Release|Any CPU.Build.0 = Release|Any CPU
		{FD5F4B1A-07B5-468D-8D0C-4DB61BA9F172}.Release|Any CPU.Deploy.0 = Release|Any CPU
	EndGlobalSection
	GlobalSection(SolutionProperties) = preSolution
		HideSolutionNode = FALSE
	EndGlobalSection
	GlobalSection(ExtensibilityGlobals) = postSolution
		SolutionGuid = {FB5D5E8B-5A07-4516-AB43-584FE885D668}
	EndGlobalSection
EndGlobal
